
Microsoft Visual Studio Solution File, Format Version 12.00
# Visual Studio Version 16
VisualStudioVersion = 16.0.31605.320
MinimumVisualStudioVersion = 10.0.40219.1
Project("{FAE04EC0-301F-11D3-BF4B-00C04F79EFBC}") = "TimeMachine.GH", "TimeMachine.GH\TimeMachine.GH.csproj", "{7388528D-1CF4-4B39-85C1-D5F9736F2E8E}"
EndProject
Global
	GlobalSection(SolutionConfigurationPlatforms) = preSolution
		Debug|Any CPU = Debug|Any CPU
		Release|Any CPU = Release|Any CPU
	EndGlobalSection
	GlobalSection(ProjectConfigurationPlatforms) = postSolution
		{7388528D-1CF4-4B39-85C1-D5F9736F2E8E}.Debug|Any CPU.ActiveCfg = Debug|Any CPU
		{7388528D-1CF4-4B39-85C1-D5F9736F2E8E}.Debug|Any CPU.Build.0 = Debug|Any CPU
		{7388528D-1CF4-4B39-85C1-D5F9736F2E8E}.Release|Any CPU.ActiveCfg = Release|Any CPU
		{7388528D-1CF4-4B39-85C1-D5F9736F2E8E}.Release|Any CPU.Build.0 = Release|Any CPU
	EndGlobalSection
	GlobalSection(SolutionProperties) = preSolution
		HideSolutionNode = FALSE
	EndGlobalSection
	GlobalSection(ExtensibilityGlobals) = postSolution
		SolutionGuid = {56304C85-284C-4793-B222-BC490134877C}
	EndGlobalSection
EndGlobal
